<Solution>
  <Project Path="HRManagement/HRManagement.csproj" />
  <Project Path="HRManagementDB/HRManagementDB.sqlproj" Id="bdc1ceca-56cc-48c7-80d6-16cd06d7fe0d">
    <Build />
    <Deploy />
  </Project>
  <Project Path="Tests/Tests.csproj" Id="4c7fa825-2ea7-4806-b366-9a358fc4b450" />
</Solution>
